
Microsoft Visual Studio Solution File, Format Version 12.00
# Visual Studio 15
VisualStudioVersion = 15.0.28307.421
MinimumVisualStudioVersion = 10.0.40219.1
Project("{FAE04EC0-301F-11D3-BF4B-00C04F79EFBC}") = "SportsStore.WebUI", "SportsStore.WebUI\SportsStore.WebUI.csproj", "{98F7C1B7-3BF1-446D-8533-B5D594F0E3BD}"
EndProject
Project("{FAE04EC0-301F-11D3-BF4B-00C04F79EFBC}") = "SportsStore.Domain", "SportsStore.Domain\SportsStore.Domain.csproj", "{385EF606-D05A-4374-8EFA-656384CAC15E}"
EndProject
Project("{FAE04EC0-301F-11D3-BF4B-00C04F79EFBC}") = "SportsStore.UnitTests", "SportsStore.UnitTests\SportsStore.UnitTests.csproj", "{719EFE3D-081F-4893-B099-868EF3A05F79}"
EndProject
Global
	GlobalSection(SolutionConfigurationPlatforms) = preSolution
		Debug|Any CPU = Debug|Any CPU
		Release|Any CPU = Release|Any CPU
	EndGlobalSection
	GlobalSection(ProjectConfigurationPlatforms) = postSolution
		{98F7C1B7-3BF1-446D-8533-B5D594F0E3BD}.Debug|Any CPU.ActiveCfg = Debug|Any CPU
		{98F7C1B7-3BF1-446D-8533-B5D594F0E3BD}.Debug|Any CPU.Build.0 = Debug|Any CPU
		{98F7C1B7-3BF1-446D-8533-B5D594F0E3BD}.Release|Any CPU.ActiveCfg = Release|Any CPU
		{98F7C1B7-3BF1-446D-8533-B5D594F0E3BD}.Release|Any CPU.Build.0 = Release|Any CPU
		{385EF606-D05A-4374-8EFA-656384CAC15E}.Debug|Any CPU.ActiveCfg = Debug|Any CPU
		{385EF606-D05A-4374-8EFA-656384CAC15E}.Debug|Any CPU.Build.0 = Debug|Any CPU
		{385EF606-D05A-4374-8EFA-656384CAC15E}.Release|Any CPU.ActiveCfg = Release|Any CPU
		{385EF606-D05A-4374-8EFA-656384CAC15E}.Release|Any CPU.Build.0 = Release|Any CPU
		{719EFE3D-081F-4893-B099-868EF3A05F79}.Debug|Any CPU.ActiveCfg = Debug|Any CPU
		{719EFE3D-081F-4893-B099-868EF3A05F79}.Debug|Any CPU.Build.0 = Debug|Any CPU
		{719EFE3D-081F-4893-B099-868EF3A05F79}.Release|Any CPU.ActiveCfg = Release|Any CPU
		{719EFE3D-081F-4893-B099-868EF3A05F79}.Release|Any CPU.Build.0 = Release|Any CPU
	EndGlobalSection
	GlobalSection(SolutionProperties) = preSolution
		HideSolutionNode = FALSE
	EndGlobalSection
	GlobalSection(ExtensibilityGlobals) = postSolution
		SolutionGuid = {245F5FE2-E503-4244-BB86-95FB713DB0DE}
	EndGlobalSection
EndGlobal
